{
  "name": "nyan-cat-festival-docs",
  "version": "1.0.0",
  "lockfileVersion": 1,
  "requires": true,
  "dependencies": {
    "nyan-cat-festival": {
      "version": "file:..",
      "dependencies": {
        "typescript": {
          "version": "3.2.2",
          "bundled": true
        }
      }
    }
  }
}
